
Microsoft Visual Studio Solution File, Format Version 12.00
# Visual Studio 14
VisualStudioVersion = 14.0.25420.1
MinimumVisualStudioVersion = 10.0.40219.1
Project("{2150E333-8FDC-42A3-9474-1A3956D46DE8}") = "src", "src", "{F8533A47-CA0C-4ED3-A523-7F8358FFDA68}"
EndProject
Project("{FAE04EC0-301F-11D3-BF4B-00C04F79EFBC}") = "Api", "src\Api\Api.csproj", "{ABFDA24C-E770-4A65-9354-93468A750D0C}"
EndProject
Project("{FAE04EC0-301F-11D3-BF4B-00C04F79EFBC}") = "Api.Core", "src\Api.Core\Api.Core.csproj", "{09F69917-2680-478A-BE50-38747CD76FA0}"
EndProject
Project("{2150E333-8FDC-42A3-9474-1A3956D46DE8}") = "Api.Features", "Api.Features", "{8B0C1262-AE8C-4046-83EF-5492860EE95C}"
EndProject
Project("{2150E333-8FDC-42A3-9474-1A3956D46DE8}") = "Tracking", "Tracking", "{9C0303AF-B58B-4343-AE9E-8AA97A60DA7B}"
EndProject
Project("{FAE04EC0-301F-11D3-BF4B-00C04F79EFBC}") = "Api.Tracking", "Api.Tracking\Api.Tracking.csproj", "{87504AA9-34DE-493B-B5E2-26ADFAD78C5A}"
EndProject
Project("{FAE04EC0-301F-11D3-BF4B-00C04F79EFBC}") = "Api.Tracking.Services", "Api.Tracking.Services\Api.Tracking.Services.csproj", "{8E173C46-9189-4289-9E0F-DE993397820A}"
EndProject
Project("{FAE04EC0-301F-11D3-BF4B-00C04F79EFBC}") = "Api.Tracking.Domain", "Api.Tracking.Domain\Api.Tracking.Domain.csproj", "{A4E81CF1-D555-471A-B6F5-8E303B43A4E5}"
EndProject
Global
	GlobalSection(SolutionConfigurationPlatforms) = preSolution
		Debug|Any CPU = Debug|Any CPU
		Release|Any CPU = Release|Any CPU
	EndGlobalSection
	GlobalSection(ProjectConfigurationPlatforms) = postSolution
		{ABFDA24C-E770-4A65-9354-93468A750D0C}.Debug|Any CPU.ActiveCfg = Debug|Any CPU
		{ABFDA24C-E770-4A65-9354-93468A750D0C}.Debug|Any CPU.Build.0 = Debug|Any CPU
		{ABFDA24C-E770-4A65-9354-93468A750D0C}.Release|Any CPU.ActiveCfg = Release|Any CPU
		{ABFDA24C-E770-4A65-9354-93468A750D0C}.Release|Any CPU.Build.0 = Release|Any CPU
		{09F69917-2680-478A-BE50-38747CD76FA0}.Debug|Any CPU.ActiveCfg = Debug|Any CPU
		{09F69917-2680-478A-BE50-38747CD76FA0}.Debug|Any CPU.Build.0 = Debug|Any CPU
		{09F69917-2680-478A-BE50-38747CD76FA0}.Release|Any CPU.ActiveCfg = Release|Any CPU
		{09F69917-2680-478A-BE50-38747CD76FA0}.Release|Any CPU.Build.0 = Release|Any CPU
		{87504AA9-34DE-493B-B5E2-26ADFAD78C5A}.Debug|Any CPU.ActiveCfg = Debug|Any CPU
		{87504AA9-34DE-493B-B5E2-26ADFAD78C5A}.Debug|Any CPU.Build.0 = Debug|Any CPU
		{87504AA9-34DE-493B-B5E2-26ADFAD78C5A}.Release|Any CPU.ActiveCfg = Release|Any CPU
		{87504AA9-34DE-493B-B5E2-26ADFAD78C5A}.Release|Any CPU.Build.0 = Release|Any CPU
		{8E173C46-9189-4289-9E0F-DE993397820A}.Debug|Any CPU.ActiveCfg = Debug|Any CPU
		{8E173C46-9189-4289-9E0F-DE993397820A}.Debug|Any CPU.Build.0 = Debug|Any CPU
		{8E173C46-9189-4289-9E0F-DE993397820A}.Release|Any CPU.ActiveCfg = Release|Any CPU
		{8E173C46-9189-4289-9E0F-DE993397820A}.Release|Any CPU.Build.0 = Release|Any CPU
		{A4E81CF1-D555-471A-B6F5-8E303B43A4E5}.Debug|Any CPU.ActiveCfg = Debug|Any CPU
		{A4E81CF1-D555-471A-B6F5-8E303B43A4E5}.Debug|Any CPU.Build.0 = Debug|Any CPU
		{A4E81CF1-D555-471A-B6F5-8E303B43A4E5}.Release|Any CPU.ActiveCfg = Release|Any CPU
		{A4E81CF1-D555-471A-B6F5-8E303B43A4E5}.Release|Any CPU.Build.0 = Release|Any CPU
	EndGlobalSection
	GlobalSection(SolutionProperties) = preSolution
		HideSolutionNode = FALSE
	EndGlobalSection
	GlobalSection(NestedProjects) = preSolution
		{ABFDA24C-E770-4A65-9354-93468A750D0C} = {F8533A47-CA0C-4ED3-A523-7F8358FFDA68}
		{09F69917-2680-478A-BE50-38747CD76FA0} = {F8533A47-CA0C-4ED3-A523-7F8358FFDA68}
		{8B0C1262-AE8C-4046-83EF-5492860EE95C} = {F8533A47-CA0C-4ED3-A523-7F8358FFDA68}
		{9C0303AF-B58B-4343-AE9E-8AA97A60DA7B} = {8B0C1262-AE8C-4046-83EF-5492860EE95C}
		{87504AA9-34DE-493B-B5E2-26ADFAD78C5A} = {9C0303AF-B58B-4343-AE9E-8AA97A60DA7B}
		{8E173C46-9189-4289-9E0F-DE993397820A} = {9C0303AF-B58B-4343-AE9E-8AA97A60DA7B}
		{A4E81CF1-D555-471A-B6F5-8E303B43A4E5} = {9C0303AF-B58B-4343-AE9E-8AA97A60DA7B}
	EndGlobalSection
EndGlobal
